
Microsoft Visual Studio Solution File, Format Version 12.00
# Visual Studio 15
VisualStudioVersion = 15.0.27130.2036
MinimumVisualStudioVersion = 10.0.40219.1
Project("{FAE04EC0-301F-11D3-BF4B-00C04F79EFBC}") = "AsenqConsole", "AsenqConsole\AsenqConsole.csproj", "{B06F6593-A28D-477E-8D1A-D513963E4C8B}"
EndProject
Global
	GlobalSection(SolutionConfigurationPlatforms) = preSolution
		Debug|Any CPU = Debug|Any CPU
		Release|Any CPU = Release|Any CPU
	EndGlobalSection
	GlobalSection(ProjectConfigurationPlatforms) = postSolution
		{B06F6593-A28D-477E-8D1A-D513963E4C8B}.Debug|Any CPU.ActiveCfg = Debug|Any CPU
		{B06F6593-A28D-477E-8D1A-D513963E4C8B}.Debug|Any CPU.Build.0 = Debug|Any CPU
		{B06F6593-A28D-477E-8D1A-D513963E4C8B}.Release|Any CPU.ActiveCfg = Release|Any CPU
		{B06F6593-A28D-477E-8D1A-D513963E4C8B}.Release|Any CPU.Build.0 = Release|Any CPU
	EndGlobalSection
	GlobalSection(SolutionProperties) = preSolution
		HideSolutionNode = FALSE
	EndGlobalSection
	GlobalSection(ExtensibilityGlobals) = postSolution
		SolutionGuid = {4FCD1D01-7A15-416A-877E-244090C304F7}
	EndGlobalSection
EndGlobal
