
Microsoft Visual Studio Solution File, Format Version 12.00
# Visual Studio 15
VisualStudioVersion = 15.0.27130.2027
MinimumVisualStudioVersion = 10.0.40219.1
Project("{FAE04EC0-301F-11D3-BF4B-00C04F79EFBC}") = "Sorting", "Sorting\Sorting.csproj", "{F74DE8E8-42EF-4E8F-83D0-FB192697811F}"
EndProject
Global
	GlobalSection(SolutionConfigurationPlatforms) = preSolution
		Debug|Any CPU = Debug|Any CPU
		Release|Any CPU = Release|Any CPU
	EndGlobalSection
	GlobalSection(ProjectConfigurationPlatforms) = postSolution
		{F74DE8E8-42EF-4E8F-83D0-FB192697811F}.Debug|Any CPU.ActiveCfg = Debug|Any CPU
		{F74DE8E8-42EF-4E8F-83D0-FB192697811F}.Debug|Any CPU.Build.0 = Debug|Any CPU
		{F74DE8E8-42EF-4E8F-83D0-FB192697811F}.Release|Any CPU.ActiveCfg = Release|Any CPU
		{F74DE8E8-42EF-4E8F-83D0-FB192697811F}.Release|Any CPU.Build.0 = Release|Any CPU
	EndGlobalSection
	GlobalSection(SolutionProperties) = preSolution
		HideSolutionNode = FALSE
	EndGlobalSection
	GlobalSection(ExtensibilityGlobals) = postSolution
		SolutionGuid = {D272B97E-FD25-4B09-9942-6DE07B167F8C}
	EndGlobalSection
EndGlobal
